// !$*UTF8*$!
{
	archiveVersion = 1;
	classes = {
	};
	objectVersion = 50;
	objects = {

/* Begin PBXBuildFile section */
		9FCB453E22EBF45500898DEA /* AppDelegate.swift in Sources */ = {isa = PBXBuildFile; fileRef = 9FCB453D22EBF45500898DEA /* AppDelegate.swift */; };
		9FCB454322EBF45500898DEA /* Main.storyboard in Resources */ = {isa = PBXBuildFile; fileRef = 9FCB454122EBF45500898DEA /* Main.storyboard */; };
		9FCB454622EBF45500898DEA /* Memo_190727.xcdatamodeld in Sources */ = {isa = PBXBuildFile; fileRef = 9FCB454422EBF45500898DEA /* Memo_190727.xcdatamodeld */; };
		9FCB454822EBF45700898DEA /* Assets.xcassets in Resources */ = {isa = PBXBuildFile; fileRef = 9FCB454722EBF45700898DEA /* Assets.xcassets */; };
		9FCB454B22EBF45700898DEA /* LaunchScreen.storyboard in Resources */ = {isa = PBXBuildFile; fileRef = 9FCB454922EBF45700898DEA /* LaunchScreen.storyboard */; };
		9FCB455322EBF54F00898DEA /* MemoListViewController.swift in Sources */ = {isa = PBXBuildFile; fileRef = 9FCB455222EBF54F00898DEA /* MemoListViewController.swift */; };
		9FCB455522EBF56100898DEA /* MemoDetailViewController.swift in Sources */ = {isa = PBXBuildFile; fileRef = 9FCB455422EBF56100898DEA /* MemoDetailViewController.swift */; };
		9FCB455922EC00A100898DEA /* Model.swift in Sources */ = {isa = PBXBuildFile; fileRef = 9FCB455822EC00A100898DEA /* Model.swift */; };
/* End PBXBuildFile section */

/* Begin PBXFileReference section */
		9FCB453A22EBF45500898DEA /* Memo_190727.app */ = {isa = PBXFileReference; explicitFileType = wrapper.application; includeInIndex = 0; path = Memo_190727.app; sourceTree = BUILT_PRODUCTS_DIR; };
		9FCB453D22EBF45500898DEA /* AppDelegate.swift */ = {isa = PBXFileReference; lastKnownFileType = sourcecode.swift; path = AppDelegate.swift; sourceTree = "<group>"; };
		9FCB454222EBF45500898DEA /* Base */ = {isa = PBXFileReference; lastKnownFileType = file.storyboard; name = Base; path = Base.lproj/Main.storyboard; sourceTree = "<group>"; };
		9FCB454522EBF45500898DEA /* Memo_190727.xcdatamodel */ = {isa = PBXFileReference; lastKnownFileType = wrapper.xcdatamodel; path = Memo_190727.xcdatamodel; sourceTree = "<group>"; };
		9FCB454722EBF45700898DEA /* Assets.xcassets */ = {isa = PBXFileReference; lastKnownFileType = folder.assetcatalog; path = Assets.xcassets; sourceTree = "<group>"; };
		9FCB454A22EBF45700898DEA /* Base */ = {isa = PBXFileReference; lastKnownFileType = file.storyboard; name = Base; path = Base.lproj/LaunchScreen.storyboard; sourceTree = "<group>"; };
		9FCB454C22EBF45700898DEA /* Info.plist */ = {isa = PBXFileReference; lastKnownFileType = text.plist.xml; path = Info.plist; sourceTree = "<group>"; };
		9FCB455222EBF54F00898DEA /* MemoListViewController.swift */ = {isa = PBXFileReference; lastKnownFileType = sourcecode.swift; path = MemoListViewController.swift; sourceTree = "<group>"; };
		9FCB455422EBF56100898DEA /* MemoDetailViewController.swift */ = {isa = PBXFileReference; lastKnownFileType = sourcecode.swift; path = MemoDetailViewController.swift; sourceTree = "<group>"; };
		9FCB455822EC00A100898DEA /* Model.swift */ = {isa = PBXFileReference; lastKnownFileType = sourcecode.swift; path = Model.swift; sourceTree = "<group>"; };
/* End PBXFileReference section */

/* Begin PBXFrameworksBuildPhase section */
		9FCB453722EBF45500898DEA /* Frameworks */ = {
			isa = PBXFrameworksBuildPhase;
			buildActionMask = 2147483647;
			files = (
			);
			runOnlyForDeploymentPostprocessing = 0;
		};
/* End PBXFrameworksBuildPhase section */

/* Begin PBXGroup section */
		9FCB453122EBF45500898DEA = {
			isa = PBXGroup;
			children = (
				9FCB453C22EBF45500898DEA /* Memo_190727 */,
				9FCB453B22EBF45500898DEA /* Products */,
			);
			sourceTree = "<group>";
		};
		9FCB453B22EBF45500898DEA /* Products */ = {
			isa = PBXGroup;
			children = (
				9FCB453A22EBF45500898DEA /* Memo_190727.app */,
			);
			name = Products;
			sourceTree = "<group>";
		};
		9FCB453C22EBF45500898DEA /* Memo_190727 */ = {
			isa = PBXGroup;
			children = (
				9FCB453D22EBF45500898DEA /* AppDelegate.swift */,
				9FCB455822EC00A100898DEA /* Model.swift */,
				9FCB455222EBF54F00898DEA /* MemoListViewController.swift */,
				9FCB455422EBF56100898DEA /* MemoDetailViewController.swift */,
				9FCB454122EBF45500898DEA /* Main.storyboard */,
				9FCB454722EBF45700898DEA /* Assets.xcassets */,
				9FCB454922EBF45700898DEA /* LaunchScreen.storyboard */,
				9FCB454C22EBF45700898DEA /* Info.plist */,
				9FCB454422EBF45500898DEA /* Memo_190727.xcdatamodeld */,
			);
			path = Memo_190727;
			sourceTree = "<group>";
		};
/* End PBXGroup section */

/* Begin PBXNativeTarget section */
		9FCB453922EBF45500898DEA /* Memo_190727 */ = {
			isa = PBXNativeTarget;
			buildConfigurationList = 9FCB454F22EBF45700898DEA /* Build configuration list for PBXNativeTarget "Memo_190727" */;
			buildPhases = (
				9FCB453622EBF45500898DEA /* Sources */,
				9FCB453722EBF45500898DEA /* Frameworks */,
				9FCB453822EBF45500898DEA /* Resources */,
			);
			buildRules = (
			);
			dependencies = (
			);
			name = Memo_190727;
			productName = Memo_190727;
			productReference = 9FCB453A22EBF45500898DEA /* Memo_190727.app */;
			productType = "com.apple.product-type.application";
		};
/* End PBXNativeTarget section */

/* Begin PBXProject section */
		9FCB453222EBF45500898DEA /* Project object */ = {
			isa = PBXProject;
			attributes = {
				LastSwiftUpdateCheck = 1030;
				LastUpgradeCheck = 1030;
				ORGANIZATIONNAME = biiyasoft;
				TargetAttributes = {
					9FCB453922EBF45500898DEA = {
						CreatedOnToolsVersion = 10.3;
					};
				};
			};
			buildConfigurationList = 9FCB453522EBF45500898DEA /* Build configuration list for PBXProject "Memo_190727" */;
			compatibilityVersion = "Xcode 9.3";
			developmentRegion = en;
			hasScannedForEncodings = 0;
			knownRegions = (
				en,
				Base,
			);
			mainGroup = 9FCB453122EBF45500898DEA;
			productRefGroup = 9FCB453B22EBF45500898DEA /* Products */;
			projectDirPath = "";
			projectRoot = "";
			targets = (
				9FCB453922EBF45500898DEA /* Memo_190727 */,
			);
		};
/* End PBXProject section */

/* Begin PBXResourcesBuildPhase section */
		9FCB453822EBF45500898DEA /* Resources */ = {
			isa = PBXResourcesBuildPhase;
			buildActionMask = 2147483647;
			files = (
				9FCB454B22EBF45700898DEA /* LaunchScreen.storyboard in Resources */,
				9FCB454822EBF45700898DEA /* Assets.xcassets in Resources */,
				9FCB454322EBF45500898DEA /* Main.storyboard in Resources */,
			);
			runOnlyForDeploymentPostprocessing = 0;
		};
/* End PBXResourcesBuildPhase section */

/* Begin PBXSourcesBuildPhase section */
		9FCB453622EBF45500898DEA /* Sources */ = {
			isa = PBXSourcesBuildPhase;
			buildActionMask = 2147483647;
			files = (
				9FCB453E22EBF45500898DEA /* AppDelegate.swift in Sources */,
				9FCB455922EC00A100898DEA /* Model.swift in Sources */,
				9FCB455522EBF56100898DEA /* MemoDetailViewController.swift in Sources */,
				9FCB454622EBF45500898DEA /* Memo_190727.xcdatamodeld in Sources */,
				9FCB455322EBF54F00898DEA /* MemoListViewController.swift in Sources */,
			);
			runOnlyForDeploymentPostprocessing = 0;
		};
/* End PBXSourcesBuildPhase section */

/* Begin PBXVariantGroup section */
		9FCB454122EBF45500898DEA /* Main.storyboard */ = {
			isa = PBXVariantGroup;
			children = (
				9FCB454222EBF45500898DEA /* Base */,
			);
			name = Main.storyboard;
			sourceTree = "<group>";
		};
		9FCB454922EBF45700898DEA /* LaunchScreen.storyboard */ = {
			isa = PBXVariantGroup;
			children = (
				9FCB454A22EBF45700898DEA /* Base */,
			);
			name = LaunchScreen.storyboard;
			sourceTree = "<group>";
		};
/* End PBXVariantGroup section */

/* Begin XCBuildConfiguration section */
		9FCB454D22EBF45700898DEA /* Debug */ = {
			isa = XCBuildConfiguration;
			buildSettings = {
				ALWAYS_SEARCH_USER_PATHS = NO;
				CLANG_ANALYZER_NONNULL = YES;
				CLANG_ANALYZER_NUMBER_OBJECT_CONVERSION = YES_AGGRESSIVE;
				CLANG_CXX_LANGUAGE_STANDARD = "gnu++14";
				CLANG_CXX_LIBRARY = "libc++";
				CLANG_ENABLE_MODULES = YES;
				CLANG_ENABLE_OBJC_ARC = YES;
				CLANG_ENABLE_OBJC_WEAK = YES;
				CLANG_WARN_BLOCK_CAPTURE_AUTORELEASING = YES;
				CLANG_WARN_BOOL_CONVERSION = YES;
				CLANG_WARN_COMMA = YES;
				CLANG_WARN_CONSTANT_CONVERSION = YES;
				CLANG_WARN_DEPRECATED_OBJC_IMPLEMENTATIONS = YES;
				CLANG_WARN_DIRECT_OBJC_ISA_USAGE = YES_ERROR;
				CLANG_WARN_DOCUMENTATION_COMMENTS = YES;
				CLANG_WARN_EMPTY_BODY = YES;
				CLANG_WARN_ENUM_CONVERSION = YES;
				CLANG_WARN_INFINITE_RECURSION = YES;
				CLANG_WARN_INT_CONVERSION = YES;
				CLANG_WARN_NON_LITERAL_NULL_CONVERSION = YES;
				CLANG_WARN_OBJC_IMPLICIT_RETAIN_SELF = YES;
				CLANG_WARN_OBJC_LITERAL_CONVERSION = YES;
				CLANG_WARN_OBJC_ROOT_CLASS = YES_ERROR;
				CLANG_WARN_RANGE_LOOP_ANALYSIS = YES;
				CLANG_WARN_STRICT_PROTOTYPES = YES;
				CLANG_WARN_SUSPICIOUS_MOVE = YES;
				CLANG_WARN_UNGUARDED_AVAILABILITY = YES_AGGRESSIVE;
				CLANG_WARN_UNREACHABLE_CODE = YES;
				CLANG_WARN__DUPLICATE_METHOD_MATCH = YES;
				CODE_SIGN_IDENTITY = "iPhone Developer";
				COPY_PHASE_STRIP = NO;
				DEBUG_INFORMATION_FORMAT = dwarf;
				ENABLE_STRICT_OBJC_MSGSEND = YES;
				ENABLE_TESTABILITY = YES;
				GCC_C_LANGUAGE_STANDARD = gnu11;
				GCC_DYNAMIC_NO_PIC = NO;
				GCC_NO_COMMON_BLOCKS = YES;
				GCC_OPTIMIZATION_LEVEL = 0;
				GCC_PREPROCESSOR_DEFINITIONS = (
					"DEBUG=1",
					"$(inherited)",
				);
				GCC_WARN_64_TO_32_BIT_CONVERSION = YES;
				GCC_WARN_ABOUT_RETURN_TYPE = YES_ERROR;
				GCC_WARN_UNDECLARED_SELECTOR = YES;
				GCC_WARN_UNINITIALIZED_AUTOS = YES_AGGRESSIVE;
				GCC_WARN_UNUSED_FUNCTION = YES;
				GCC_WARN_UNUSED_VARIABLE = YES;
				IPHONEOS_DEPLOYMENT_TARGET = 12.4;
				MTL_ENABLE_DEBUG_INFO = INCLUDE_SOURCE;
				MTL_FAST_MATH = YES;
				ONLY_ACTIVE_ARCH = YES;
				SDKROOT = iphoneos;
				SWIFT_ACTIVE_COMPILATION_CONDITIONS = DEBUG;
				SWIFT_OPTIMIZATION_LEVEL = "-Onone";
			};
			name = Debug;
		};
		9FCB454E22EBF45700898DEA /* Release */ = {
			isa = XCBuildConfiguration;
			buildSettings = {
				ALWAYS_SEARCH_USER_PATHS = NO;
				CLANG_ANALYZER_NONNULL = YES;
				CLANG_ANALYZER_NUMBER_OBJECT_CONVERSION = YES_AGGRESSIVE;
				CLANG_CXX_LANGUAGE_STANDARD = "gnu++14";
				CLANG_CXX_LIBRARY = "libc++";
				CLANG_ENABLE_MODULES = YES;
				CLANG_ENABLE_OBJC_ARC = YES;
				CLANG_ENABLE_OBJC_WEAK = YES;
				CLANG_WARN_BLOCK_CAPTURE_AUTORELEASING = YES;
				CLANG_WARN_BOOL_CONVERSION = YES;
				CLANG_WARN_COMMA = YES;
				CLANG_WARN_CONSTANT_CONVERSION = YES;
				CLANG_WARN_DEPRECATED_OBJC_IMPLEMENTATIONS = YES;
				CLANG_WARN_DIRECT_OBJC_ISA_USAGE = YES_ERROR;
				CLANG_WARN_DOCUMENTATION_COMMENTS = YES;
				CLANG_WARN_EMPTY_BODY = YES;
				CLANG_WARN_ENUM_CONVERSION = YES;
				CLANG_WARN_INFINITE_RECURSION = YES;
				CLANG_WARN_INT_CONVERSION = YES;
				CLANG_WARN_NON_LITERAL_NULL_CONVERSION = YES;
				CLANG_WARN_OBJC_IMPLICIT_RETAIN_SELF = YES;
				CLANG_WARN_OBJC_LITERAL_CONVERSION = YES;
				CLANG_WARN_OBJC_ROOT_CLASS = YES_ERROR;
				CLANG_WARN_RANGE_LOOP_ANALYSIS = YES;
				CLANG_WARN_STRICT_PROTOTYPES = YES;
				CLANG_WARN_SUSPICIOUS_MOVE = YES;
				CLANG_WARN_UNGUARDED_AVAILABILITY = YES_AGGRESSIVE;
				CLANG_WARN_UNREACHABLE_CODE = YES;
				CLANG_WARN__DUPLICATE_METHOD_MATCH = YES;
				CODE_SIGN_IDENTITY = "iPhone Developer";
				COPY_PHASE_STRIP = NO;
				DEBUG_INFORMATION_FORMAT = "dwarf-with-dsym";
				ENABLE_NS_ASSERTIONS = NO;
				ENABLE_STRICT_OBJC_MSGSEND = YES;
				GCC_C_LANGUAGE_STANDARD = gnu11;
				GCC_NO_COMMON_BLOCKS = YES;
				GCC_WARN_64_TO_32_BIT_CONVERSION = YES;
				GCC_WARN_ABOUT_RETURN_TYPE = YES_ERROR;
				GCC_WARN_UNDECLARED_SELECTOR = YES;
				GCC_WARN_UNINITIALIZED_AUTOS = YES_AGGRESSIVE;
				GCC_WARN_UNUSED_FUNCTION = YES;
				GCC_WARN_UNUSED_VARIABLE = YES;
				IPHONEOS_DEPLOYMENT_TARGET = 12.4;
				MTL_ENABLE_DEBUG_INFO = NO;
				MTL_FAST_MATH = YES;
				SDKROOT = iphoneos;
				SWIFT_COMPILATION_MODE = wholemodule;
				SWIFT_OPTIMIZATION_LEVEL = "-O";
				VALIDATE_PRODUCT = YES;
			};
			name = Release;
		};
		9FCB455022EBF45700898DEA /* Debug */ = {
			isa = XCBuildConfiguration;
			buildSettings = {
				ASSETCATALOG_COMPILER_APPICON_NAME = AppIcon;
				CODE_SIGN_STYLE = Automatic;
				DEVELOPMENT_TEAM = RBU5P3NZY5;
				INFOPLIST_FILE = Memo_190727/Info.plist;
				LD_RUNPATH_SEARCH_PATHS = (
					"$(inherited)",
					"@executable_path/Frameworks",
				);
				PRODUCT_BUNDLE_IDENTIFIER = "com.biiyasoft.Memo-190727";
				PRODUCT_NAME = "$(TARGET_NAME)";
				SWIFT_VERSION = 5.0;
				TARGETED_DEVICE_FAMILY = "1,2";
			};
			name = Debug;
		};
		9FCB455122EBF45700898DEA /* Release */ = {
			isa = XCBuildConfiguration;
			buildSettings = {
				ASSETCATALOG_COMPILER_APPICON_NAME = AppIcon;
				CODE_SIGN_STYLE = Automatic;
				DEVELOPMENT_TEAM = RBU5P3NZY5;
				INFOPLIST_FILE = Memo_190727/Info.plist;
				LD_RUNPATH_SEARCH_PATHS = (
					"$(inherited)",
					"@executable_path/Frameworks",
				);
				PRODUCT_BUNDLE_IDENTIFIER = "com.biiyasoft.Memo-190727";
				PRODUCT_NAME = "$(TARGET_NAME)";
				SWIFT_VERSION = 5.0;
				TARGETED_DEVICE_FAMILY = "1,2";
			};
			name = Release;
		};
/* End XCBuildConfiguration section */

/* Begin XCConfigurationList section */
		9FCB453522EBF45500898DEA /* Build configuration list for PBXProject "Memo_190727" */ = {
			isa = XCConfigurationList;
			buildConfigurations = (
				9FCB454D22EBF45700898DEA /* Debug */,
				9FCB454E22EBF45700898DEA /* Release */,
			);
			defaultConfigurationIsVisible = 0;
			defaultConfigurationName = Release;
		};
		9FCB454F22EBF45700898DEA /* Build configuration list for PBXNativeTarget "Memo_190727" */ = {
			isa = XCConfigurationList;
			buildConfigurations = (
				9FCB455022EBF45700898DEA /* Debug */,
				9FCB455122EBF45700898DEA /* Release */,
			);
			defaultConfigurationIsVisible = 0;
			defaultConfigurationName = Release;
		};
/* End XCConfigurationList section */

/* Begin XCVersionGroup section */
		9FCB454422EBF45500898DEA /* Memo_190727.xcdatamodeld */ = {
			isa = XCVersionGroup;
			children = (
				9FCB454522EBF45500898DEA /* Memo_190727.xcdatamodel */,
			);
			currentVersion = 9FCB454522EBF45500898DEA /* Memo_190727.xcdatamodel */;
			path = Memo_190727.xcdatamodeld;
			sourceTree = "<group>";
			versionGroupType = wrapper.xcdatamodel;
		};
/* End XCVersionGroup section */
	};
	rootObject = 9FCB453222EBF45500898DEA /* Project object */;
}
